
Microsoft Visual Studio Solution File, Format Version 12.00
# Visual Studio Version 16
VisualStudioVersion = 16.0.30320.27
MinimumVisualStudioVersion = 10.0.40219.1
Project("{FAE04EC0-301F-11D3-BF4B-00C04F79EFBC}") = "StomadentApp", "StomadentApp\StomadentApp.csproj", "{FE618C1E-EE8A-4A3D-B7BA-631551BFA0DD}"
EndProject
Global
	GlobalSection(SolutionConfigurationPlatforms) = preSolution
		Debug|Any CPU = Debug|Any CPU
		Release|Any CPU = Release|Any CPU
	EndGlobalSection
	GlobalSection(ProjectConfigurationPlatforms) = postSolution
		{FE618C1E-EE8A-4A3D-B7BA-631551BFA0DD}.Debug|Any CPU.ActiveCfg = Debug|Any CPU
		{FE618C1E-EE8A-4A3D-B7BA-631551BFA0DD}.Debug|Any CPU.Build.0 = Debug|Any CPU
		{FE618C1E-EE8A-4A3D-B7BA-631551BFA0DD}.Release|Any CPU.ActiveCfg = Release|Any CPU
		{FE618C1E-EE8A-4A3D-B7BA-631551BFA0DD}.Release|Any CPU.Build.0 = Release|Any CPU
	EndGlobalSection
	GlobalSection(SolutionProperties) = preSolution
		HideSolutionNode = FALSE
	EndGlobalSection
	GlobalSection(ExtensibilityGlobals) = postSolution
		SolutionGuid = {8B6C2C70-ABBB-4D73-93E8-7CC4BFFA1C7B}
	EndGlobalSection
EndGlobal
